
Microsoft Visual Studio Solution File, Format Version 12.00
# Visual Studio 15
VisualStudioVersion = 15.0.27130.2027
MinimumVisualStudioVersion = 10.0.40219.1
Project("{FAE04EC0-301F-11D3-BF4B-00C04F79EFBC}") = "Chapter8_SportsStore", "Chapter8_SportsStore\Chapter8_SportsStore.csproj", "{1AB4F757-607A-4B3D-BF10-9F82A0142A4E}"
EndProject
Project("{FAE04EC0-301F-11D3-BF4B-00C04F79EFBC}") = "Chapter8_SportsStore.Tests", "Chapter8_SportsStore.Tests\Chapter8_SportsStore.Tests.csproj", "{28F4B3F0-778D-4B61-A1A5-724BE3C71031}"
EndProject
Global
	GlobalSection(SolutionConfigurationPlatforms) = preSolution
		Debug|Any CPU = Debug|Any CPU
		Release|Any CPU = Release|Any CPU
	EndGlobalSection
	GlobalSection(ProjectConfigurationPlatforms) = postSolution
		{1AB4F757-607A-4B3D-BF10-9F82A0142A4E}.Debug|Any CPU.ActiveCfg = Debug|Any CPU
		{1AB4F757-607A-4B3D-BF10-9F82A0142A4E}.Debug|Any CPU.Build.0 = Debug|Any CPU
		{1AB4F757-607A-4B3D-BF10-9F82A0142A4E}.Release|Any CPU.ActiveCfg = Release|Any CPU
		{1AB4F757-607A-4B3D-BF10-9F82A0142A4E}.Release|Any CPU.Build.0 = Release|Any CPU
		{28F4B3F0-778D-4B61-A1A5-724BE3C71031}.Debug|Any CPU.ActiveCfg = Debug|Any CPU
		{28F4B3F0-778D-4B61-A1A5-724BE3C71031}.Debug|Any CPU.Build.0 = Debug|Any CPU
		{28F4B3F0-778D-4B61-A1A5-724BE3C71031}.Release|Any CPU.ActiveCfg = Release|Any CPU
		{28F4B3F0-778D-4B61-A1A5-724BE3C71031}.Release|Any CPU.Build.0 = Release|Any CPU
	EndGlobalSection
	GlobalSection(SolutionProperties) = preSolution
		HideSolutionNode = FALSE
	EndGlobalSection
	GlobalSection(ExtensibilityGlobals) = postSolution
		SolutionGuid = {158E52C6-B250-49CA-B122-BFF385D29B9C}
	EndGlobalSection
EndGlobal
