
Microsoft Visual Studio Solution File, Format Version 12.00
# Visual Studio 15
VisualStudioVersion = 15.0.27130.2027
MinimumVisualStudioVersion = 10.0.40219.1
Project("{FAE04EC0-301F-11D3-BF4B-00C04F79EFBC}") = "Chapter27_ModelValidation", "Chapter27_ModelValidation\Chapter27_ModelValidation.csproj", "{2679AA36-B7C7-4DCC-8823-EB2D55F53D84}"
EndProject
Global
	GlobalSection(SolutionConfigurationPlatforms) = preSolution
		Debug|Any CPU = Debug|Any CPU
		Release|Any CPU = Release|Any CPU
	EndGlobalSection
	GlobalSection(ProjectConfigurationPlatforms) = postSolution
		{2679AA36-B7C7-4DCC-8823-EB2D55F53D84}.Debug|Any CPU.ActiveCfg = Debug|Any CPU
		{2679AA36-B7C7-4DCC-8823-EB2D55F53D84}.Debug|Any CPU.Build.0 = Debug|Any CPU
		{2679AA36-B7C7-4DCC-8823-EB2D55F53D84}.Release|Any CPU.ActiveCfg = Release|Any CPU
		{2679AA36-B7C7-4DCC-8823-EB2D55F53D84}.Release|Any CPU.Build.0 = Release|Any CPU
	EndGlobalSection
	GlobalSection(SolutionProperties) = preSolution
		HideSolutionNode = FALSE
	EndGlobalSection
	GlobalSection(ExtensibilityGlobals) = postSolution
		SolutionGuid = {87EF126C-65F1-4663-8620-88E90B25123C}
	EndGlobalSection
EndGlobal
