
Microsoft Visual Studio Solution File, Format Version 12.00
# Visual Studio 15
VisualStudioVersion = 15.0.27130.2027
MinimumVisualStudioVersion = 10.0.40219.1
Project("{FAE04EC0-301F-11D3-BF4B-00C04F79EFBC}") = "Chapter19_Filters", "Chapter19_Filters\Chapter19_Filters.csproj", "{68E1446B-EAAF-410E-9E06-D657081B1A58}"
EndProject
Project("{FAE04EC0-301F-11D3-BF4B-00C04F79EFBC}") = "Chapter19_Filters.Tests", "Chapter19_Filters.Tests\Chapter19_Filters.Tests.csproj", "{43BEF0B9-6E88-44D0-9E98-6070EA278B5E}"
EndProject
Global
	GlobalSection(SolutionConfigurationPlatforms) = preSolution
		Debug|Any CPU = Debug|Any CPU
		Release|Any CPU = Release|Any CPU
	EndGlobalSection
	GlobalSection(ProjectConfigurationPlatforms) = postSolution
		{68E1446B-EAAF-410E-9E06-D657081B1A58}.Debug|Any CPU.ActiveCfg = Debug|Any CPU
		{68E1446B-EAAF-410E-9E06-D657081B1A58}.Debug|Any CPU.Build.0 = Debug|Any CPU
		{68E1446B-EAAF-410E-9E06-D657081B1A58}.Release|Any CPU.ActiveCfg = Release|Any CPU
		{68E1446B-EAAF-410E-9E06-D657081B1A58}.Release|Any CPU.Build.0 = Release|Any CPU
		{43BEF0B9-6E88-44D0-9E98-6070EA278B5E}.Debug|Any CPU.ActiveCfg = Debug|Any CPU
		{43BEF0B9-6E88-44D0-9E98-6070EA278B5E}.Debug|Any CPU.Build.0 = Debug|Any CPU
		{43BEF0B9-6E88-44D0-9E98-6070EA278B5E}.Release|Any CPU.ActiveCfg = Release|Any CPU
		{43BEF0B9-6E88-44D0-9E98-6070EA278B5E}.Release|Any CPU.Build.0 = Release|Any CPU
	EndGlobalSection
	GlobalSection(SolutionProperties) = preSolution
		HideSolutionNode = FALSE
	EndGlobalSection
	GlobalSection(ExtensibilityGlobals) = postSolution
		SolutionGuid = {EDCE1DE3-EC10-49D6-8BDD-12C2F6B09569}
	EndGlobalSection
EndGlobal
