
Microsoft Visual Studio Solution File, Format Version 12.00
# Visual Studio 15
VisualStudioVersion = 15.0.27130.2027
MinimumVisualStudioVersion = 10.0.40219.1
Project("{FAE04EC0-301F-11D3-BF4B-00C04F79EFBC}") = "Chapter21_Views", "Chapter21_Views\Chapter21_Views.csproj", "{4D8DDD8D-8EAC-4413-AF86-E51FD4723E65}"
EndProject
Global
	GlobalSection(SolutionConfigurationPlatforms) = preSolution
		Debug|Any CPU = Debug|Any CPU
		Release|Any CPU = Release|Any CPU
	EndGlobalSection
	GlobalSection(ProjectConfigurationPlatforms) = postSolution
		{4D8DDD8D-8EAC-4413-AF86-E51FD4723E65}.Debug|Any CPU.ActiveCfg = Debug|Any CPU
		{4D8DDD8D-8EAC-4413-AF86-E51FD4723E65}.Debug|Any CPU.Build.0 = Debug|Any CPU
		{4D8DDD8D-8EAC-4413-AF86-E51FD4723E65}.Release|Any CPU.ActiveCfg = Release|Any CPU
		{4D8DDD8D-8EAC-4413-AF86-E51FD4723E65}.Release|Any CPU.Build.0 = Release|Any CPU
	EndGlobalSection
	GlobalSection(SolutionProperties) = preSolution
		HideSolutionNode = FALSE
	EndGlobalSection
	GlobalSection(ExtensibilityGlobals) = postSolution
		SolutionGuid = {E6C0B6ED-1B3A-421D-91EA-728503B69CF9}
	EndGlobalSection
EndGlobal
