
Microsoft Visual Studio Solution File, Format Version 12.00
# Visual Studio 15
VisualStudioVersion = 15.0.27130.2027
MinimumVisualStudioVersion = 10.0.40219.1
Project("{FAE04EC0-301F-11D3-BF4B-00C04F79EFBC}") = "Chapter18_DependencyInjection", "Chapter18_DependencyInjection\Chapter18_DependencyInjection.csproj", "{D3226E0D-7257-4547-81B6-64C960E41519}"
EndProject
Project("{FAE04EC0-301F-11D3-BF4B-00C04F79EFBC}") = "Chapter18_DependencyInjection.Tests", "Chapter18_DependencyInjection.Tests\Chapter18_DependencyInjection.Tests.csproj", "{E2CEA313-E485-4484-BD4F-7A1AB1A8AE3C}"
EndProject
Global
	GlobalSection(SolutionConfigurationPlatforms) = preSolution
		Debug|Any CPU = Debug|Any CPU
		Release|Any CPU = Release|Any CPU
	EndGlobalSection
	GlobalSection(ProjectConfigurationPlatforms) = postSolution
		{D3226E0D-7257-4547-81B6-64C960E41519}.Debug|Any CPU.ActiveCfg = Debug|Any CPU
		{D3226E0D-7257-4547-81B6-64C960E41519}.Debug|Any CPU.Build.0 = Debug|Any CPU
		{D3226E0D-7257-4547-81B6-64C960E41519}.Release|Any CPU.ActiveCfg = Release|Any CPU
		{D3226E0D-7257-4547-81B6-64C960E41519}.Release|Any CPU.Build.0 = Release|Any CPU
		{E2CEA313-E485-4484-BD4F-7A1AB1A8AE3C}.Debug|Any CPU.ActiveCfg = Debug|Any CPU
		{E2CEA313-E485-4484-BD4F-7A1AB1A8AE3C}.Debug|Any CPU.Build.0 = Debug|Any CPU
		{E2CEA313-E485-4484-BD4F-7A1AB1A8AE3C}.Release|Any CPU.ActiveCfg = Release|Any CPU
		{E2CEA313-E485-4484-BD4F-7A1AB1A8AE3C}.Release|Any CPU.Build.0 = Release|Any CPU
	EndGlobalSection
	GlobalSection(SolutionProperties) = preSolution
		HideSolutionNode = FALSE
	EndGlobalSection
	GlobalSection(ExtensibilityGlobals) = postSolution
		SolutionGuid = {DDDE9530-88C5-497B-BBA1-AD55F2B686D3}
	EndGlobalSection
EndGlobal
